
Microsoft Visual Studio Solution File, Format Version 12.00
# Visual Studio Version 17
VisualStudioVersion = 17.4.33213.308
MinimumVisualStudioVersion = 10.0.40219.1
Project("{FAE04EC0-301F-11D3-BF4B-00C04F79EFBC}") = "IDictionaryType", "IDictionaryType.csproj", "{B3F11929-8AE3-4EA3-8D58-7F60CD1AFC34}"
EndProject
Global
	GlobalSection(SolutionConfigurationPlatforms) = preSolution
		Debug|Any CPU = Debug|Any CPU
		Release|Any CPU = Release|Any CPU
	EndGlobalSection
	GlobalSection(ProjectConfigurationPlatforms) = postSolution
		{B3F11929-8AE3-4EA3-8D58-7F60CD1AFC34}.Debug|Any CPU.ActiveCfg = Debug|Any CPU
		{B3F11929-8AE3-4EA3-8D58-7F60CD1AFC34}.Debug|Any CPU.Build.0 = Debug|Any CPU
		{B3F11929-8AE3-4EA3-8D58-7F60CD1AFC34}.Release|Any CPU.ActiveCfg = Release|Any CPU
		{B3F11929-8AE3-4EA3-8D58-7F60CD1AFC34}.Release|Any CPU.Build.0 = Release|Any CPU
	EndGlobalSection
	GlobalSection(SolutionProperties) = preSolution
		HideSolutionNode = FALSE
	EndGlobalSection
	GlobalSection(ExtensibilityGlobals) = postSolution
		SolutionGuid = {603823F6-1DE7-4FB8-AE00-53B7830E2B91}
	EndGlobalSection
EndGlobal
